#MicroXplorer Configuration settings - do not modify
Mcu.Family=STM32F4
SH.GPXTI1.0=GPIO_EXTI1
ProjectManager.MainLocation=Core/Src
USART2.IPParameters=VirtualMode
RCC.CortexFreq_Value=180000000
SPI3.Direction=SPI_DIRECTION_2LINES
SPI3.VirtualType=VM_MASTER
ProjectManager.KeepUserCode=true
Mcu.UserName=STM32F446RCTx
SPI1.VirtualType=VM_MASTER
SPI2.VirtualType=VM_MASTER
PB10.Mode=I2C
SH.GPXTI9.0=GPIO_EXTI9
SH.GPXTI14.0=GPIO_EXTI14
RCC.PLLCLKFreq_Value=180000000
PC10.Signal=SPI3_SCK
PC12.Signal=I2C2_SDA
RCC.PLLQCLKFreq_Value=180000000
PC5.Locked=true
PC7.Locked=true
ProjectManager.functionlistsort=1-MX_GPIO_Init-GPIO-false-HAL-true,2-SystemClock_Config-RCC-false-HAL-false,3-MX_I2C1_Init-I2C1-false-HAL-true,4-MX_I2C2_Init-I2C2-false-HAL-true,5-MX_I2C3_Init-I2C3-false-HAL-true,6-MX_SPI1_Init-SPI1-false-HAL-true,7-MX_TIM3_Init-TIM3-false-HAL-true,8-MX_USART1_UART_Init-USART1-false-HAL-true
PC3.Locked=true
RCC.PLLI2SRCLKFreq_Value=96000000
USART1.IPParameters=VirtualMode
PB13.Signal=SPI2_SCK
PB15.Signal=GPXTI15
RCC.SAIAFreq_Value=96000000
PinOutPanel.RotationAngle=0
RCC.SYSCLKSource=RCC_SYSCLKSOURCE_PLLCLK
ProjectManager.StackSize=0x400
SH.GPXTI2.0=GPIO_EXTI2
Mcu.IP4=NVIC
SH.GPXTI7.ConfNb=1
Mcu.IP5=RCC
RCC.FCLKCortexFreq_Value=180000000
Mcu.IP2=I2C2
NVIC.SVCall_IRQn=true\:0\:0\:false\:false\:true\:false\:false
Mcu.IP3=I2C3
Mcu.IP0=ADC1
PA12.Locked=true
Mcu.IP1=I2C1
PA12.Signal=GPXTI12
SH.GPXTI3.ConfNb=1
Mcu.UserConstants=
Mcu.ThirdPartyNb=0
RCC.SDIOFreq_Value=180000000
SPI1.Direction=SPI_DIRECTION_2LINES
RCC.HCLKFreq_Value=180000000
Mcu.IPNb=14
ProjectManager.PreviousToolchain=
RCC.APB2TimFreq_Value=180000000
PB6.Signal=USART1_TX
RCC.SPDIFRXFreq_Value=180000000
ADC1.Channel-2\#ChannelRegularConversion=ADC_CHANNEL_1
PC7.Signal=GPXTI7
PB6.Mode=Asynchronous
SPI1.CalculateBaudRate=45.0 MBits/s
PC3.Signal=GPXTI3
Mcu.Pin6=PA2
Mcu.Pin7=PA3
Mcu.Pin8=PA4
Mcu.Pin9=PA5
RCC.VCOSAIOutputFreq_Value=192000000
RCC.AHBFreq_Value=180000000
SPI2.BaudRatePrescaler=SPI_BAUDRATEPRESCALER_2
Mcu.Pin0=PC0
Mcu.Pin1=PC1
TIM3.Channel-PWM\ Generation1\ CH1=TIM_CHANNEL_1
GPIO.groupedBy=
Mcu.Pin2=PC2
Mcu.Pin3=PC3
Mcu.Pin4=PA0-WKUP
Mcu.Pin5=PA1
ProjectManager.ProjectBuild=false
NVIC.UsageFault_IRQn=true\:0\:0\:false\:false\:true\:false\:false
NVIC.DebugMonitor_IRQn=true\:0\:0\:false\:false\:true\:false\:false
Mcu.IP10=TIM3
NVIC.SysTick_IRQn=true\:0\:0\:false\:false\:true\:false\:true
Mcu.IP12=USART1
SH.GPXTI12.0=GPIO_EXTI12
Mcu.IP11=UART4
SH.GPXTI7.0=GPIO_EXTI7
ProjectManager.FirmwarePackage=STM32Cube FW_F4 V1.25.2
MxDb.Version=DB.6.0.10
ADC1.Rank-2\#ChannelRegularConversion=1
Mcu.IP13=USART2
ProjectManager.BackupPrevious=false
RCC.VCOInputFreq_Value=2000000
PA14.Mode=Serial_Wire
SH.ADCx_IN1.ConfNb=1
File.Version=6
PC9.Mode=I2C
SPI2.CalculateBaudRate=22.5 MBits/s
PB3.GPIOParameters=GPIO_Label
PB7.Signal=USART1_RX
PB8.Locked=true
PA8.Signal=I2C3_SCL
RCC.PLLRCLKFreq_Value=180000000
SH.ADCx_IN4.ConfNb=1
SH.GPXTI11.ConfNb=1
PB6.Locked=true
NVIC.PendSV_IRQn=true\:0\:0\:false\:false\:true\:false\:false
SH.S_TIM3_CH1.0=TIM3_CH1,PWM Generation1 CH1
ProjectManager.HalAssertFull=false
ProjectManager.ProjectName=v3-stm32f446
RCC.MCO2PinFreq_Value=180000000
Mcu.Package=LQFP64
PB9.Signal=I2C1_SDA
PB1.Signal=GPXTI1
PA6.Signal=S_TIM3_CH1
PA7.Locked=true
SPI2.Mode=SPI_MODE_MASTER
SH.GPXTI11.0=GPIO_EXTI11
SPI3.Mode=SPI_MODE_MASTER
SH.GPXTI8.0=GPIO_EXTI8
USART2.VirtualMode=VM_ASYNC
ProjectManager.ToolChainLocation=
VP_SYS_VS_Systick.Signal=SYS_VS_Systick
SH.GPXTI8.ConfNb=1
SH.GPXTI5.ConfNb=1
PA10.Signal=GPXTI10
PC11.Mode=Asynchronous
SH.GPXTI14.ConfNb=1
RCC.APB2CLKDivider=RCC_HCLK_DIV2
SH.ADCx_IN1.0=ADC1_IN1,IN1
RCC.CECFreq_Value=32786.88524590164
RCC.APB1TimFreq_Value=90000000
NVIC.BusFault_IRQn=true\:0\:0\:false\:false\:true\:false\:false
PC4.Locked=true
SPI3.IPParameters=VirtualType,Mode,Direction,CalculateBaudRate,BaudRatePrescaler
SPI2.Direction=SPI_DIRECTION_2LINES
PC5.Signal=GPXTI5
PB13.Mode=TX_Only_Simplex_Unidirect_Master
RCC.SAIBFreq_Value=96000000
SPI1.BaudRatePrescaler=SPI_BAUDRATEPRESCALER_2
ProjectManager.CustomerFirmwarePackage=
VP_TIM3_VS_ClockSourceINT.Mode=Internal
RCC.PLLSAIQCLKFreq_Value=96000000
PB15.Locked=true
PB3.Locked=true
PA3.Signal=USART2_RX
PA5.Mode=TX_Only_Simplex_Unidirect_Master
PB3.GPIO_Label=MCP_RST
SH.GPXTI10.0=GPIO_EXTI10
SH.GPXTI5.0=GPIO_EXTI5
ProjectManager.ProjectFileName=v3-stm32f446.ioc
PA7.Mode=TX_Only_Simplex_Unidirect_Master
UART4.IPParameters=VirtualMode
Mcu.PinsNb=41
ProjectManager.NoMain=false
SPI1.IPParameters=VirtualType,Mode,Direction,CalculateBaudRate,BaudRatePrescaler
ADC1.IPParameters=Rank-2\#ChannelRegularConversion,master,Channel-2\#ChannelRegularConversion,SamplingTime-2\#ChannelRegularConversion,NbrOfConversionFlag
PC11.Signal=UART4_RX
RCC.FMPI2C1Freq_Value=45000000
RCC.VCOI2SInputFreq_Value=1000000
PC8.Signal=GPXTI8
PC2.Signal=GPXTI2
PC4.Signal=GPXTI4
PC6.Signal=GPXTI6
PC10.Mode=TX_Only_Simplex_Unidirect_Master
ProjectManager.DefaultFWLocation=true
ProjectManager.DeletePrevious=true
PC0.Signal=ADCx_IN10
PB14.Locked=true
RCC.APB1CLKDivider=RCC_HCLK_DIV4
UART4.VirtualMode=Asynchronous
ADC1.SamplingTime-2\#ChannelRegularConversion=ADC_SAMPLETIME_3CYCLES
RCC.FamilyName=M
PA0-WKUP.Signal=UART4_TX
SH.GPXTI6.0=GPIO_EXTI6
PA0-WKUP.Mode=Asynchronous
PA13.Signal=SYS_JTMS-SWDIO
PA3.Mode=Asynchronous
SH.GPXTI6.ConfNb=1
PA11.Locked=true
SH.GPXTI2.ConfNb=1
ProjectManager.TargetToolchain=EWARM V8.32
PC6.Locked=true
PB9.Mode=I2C
PA9.Signal=GPXTI9
SH.GPXTI12.ConfNb=1
PB9.Locked=true
SPI2.IPParameters=VirtualType,Mode,Direction,CalculateBaudRate,BaudRatePrescaler
PC2.Locked=true
ProjectManager.RegisterCallBack=
RCC.USBFreq_Value=180000000
VP_TIM3_VS_ClockSourceINT.Signal=TIM3_VS_ClockSourceINT
PA1.Signal=ADCx_IN1
PB1.Locked=true
PB10.Signal=I2C2_SCL
RCC.VCOI2SOutputFreq_Value=192000000
PB14.Signal=GPXTI14
PA5.Signal=SPI1_SCK
Mcu.Pin40=VP_TIM3_VS_ClockSourceINT
PC12.Mode=I2C
PB0.Mode=TX_Only_Simplex_Unidirect_Master
RCC.PLLSAIPCLKFreq_Value=96000000
board=custom
SH.GPXTI3.0=GPIO_EXTI3
RCC.VCOOutputFreq_Value=360000000
ProjectManager.LastFirmware=true
RCC.APB2Freq_Value=90000000
SPI3.CalculateBaudRate=22.5 MBits/s
MxCube.Version=6.1.0
Mcu.Pin37=PB8
Mcu.Pin38=PB9
Mcu.Pin35=PB6
Mcu.Pin36=PB7
RCC.PLLI2SPCLKFreq_Value=96000000
SPI1.Mode=SPI_MODE_MASTER
Mcu.Pin39=VP_SYS_VS_Systick
SH.ADCx_IN10.ConfNb=1
Mcu.Pin30=PA14
SPI3.BaudRatePrescaler=SPI_BAUDRATEPRESCALER_2
VP_SYS_VS_Systick.Mode=SysTick
Mcu.Pin33=PC12
TIM3.IPParameters=Channel-PWM Generation1 CH1
Mcu.Pin34=PB3
Mcu.Pin31=PC10
SH.ADCx_IN4.0=ADC1_IN4,IN4
Mcu.Pin32=PC11
PA9.Locked=true
NVIC.NonMaskableInt_IRQn=true\:0\:0\:false\:false\:true\:false\:false
PA13.Mode=Serial_Wire
ProjectManager.FreePins=false
RCC.IPParameters=AHBFreq_Value,APB1CLKDivider,APB1Freq_Value,APB1TimFreq_Value,APB2CLKDivider,APB2Freq_Value,APB2TimFreq_Value,CECFreq_Value,CortexFreq_Value,FCLKCortexFreq_Value,FMPI2C1Freq_Value,FamilyName,HCLKFreq_Value,MCO2PinFreq_Value,PLLCLKFreq_Value,PLLI2SPCLKFreq_Value,PLLI2SQCLKFreq_Value,PLLI2SRCLKFreq_Value,PLLM,PLLN,PLLQCLKFreq_Value,PLLRCLKFreq_Value,PLLSAIPCLKFreq_Value,PLLSAIQCLKFreq_Value,PWRFreq_Value,SAIAFreq_Value,SAIBFreq_Value,SDIOFreq_Value,SPDIFRXFreq_Value,SYSCLKFreq_VALUE,SYSCLKSource,USBFreq_Value,VCOI2SInputFreq_Value,VCOI2SOutputFreq_Value,VCOInputFreq_Value,VCOOutputFreq_Value,VCOSAIInputFreq_Value,VCOSAIOutputFreq_Value
ProjectManager.AskForMigrate=true
Mcu.Name=STM32F446R(C-E)Tx
RCC.PLLI2SQCLKFreq_Value=96000000
Mcu.Pin26=PA10
Mcu.Pin27=PA11
PA2.Signal=USART2_TX
Mcu.Pin24=PA8
ProjectManager.UnderRoot=false
Mcu.Pin25=PA9
Mcu.IP8=SPI3
Mcu.IP9=SYS
Mcu.Pin28=PA12
Mcu.IP6=SPI1
Mcu.Pin29=PA13
RCC.VCOSAIInputFreq_Value=1000000
Mcu.IP7=SPI2
ProjectManager.CoupleFile=false
PB3.Signal=GPIO_Output
PA4.Signal=ADCx_IN4
RCC.SYSCLKFreq_VALUE=180000000
Mcu.Pin22=PC8
Mcu.Pin23=PC9
Mcu.Pin20=PC6
ADC1.master=1
Mcu.Pin21=PC7
SH.GPXTI4.0=GPIO_EXTI4
PA10.Locked=true
NVIC.ForceEnableDMAVector=true
KeepUserPlacement=false
NVIC.MemoryManagement_IRQn=true\:0\:0\:false\:false\:true\:false\:false
USART1.VirtualMode=VM_ASYNC
ProjectManager.CompilerOptimize=6
PB7.Mode=Asynchronous
PA11.Signal=GPXTI11
SH.GPXTI9.ConfNb=1
PA14.Signal=SYS_JTCK-SWCLK
SH.ADCx_IN10.0=ADC1_IN10,IN10
ProjectManager.HeapSize=0x200
Mcu.Pin15=PB1
NVIC.HardFault_IRQn=true\:0\:0\:false\:false\:true\:false\:false
Mcu.Pin16=PB10
SH.GPXTI4.ConfNb=1
Mcu.Pin13=PC5
Mcu.Pin14=PB0
Mcu.Pin19=PB15
SH.S_TIM3_CH1.ConfNb=1
SH.GPXTI15.ConfNb=1
ProjectManager.ComputerToolchain=false
Mcu.Pin17=PB13
Mcu.Pin18=PB14
NVIC.PriorityGroup=NVIC_PRIORITYGROUP_4
ADC1.NbrOfConversionFlag=1
Mcu.Pin11=PA7
SH.GPXTI15.0=GPIO_EXTI15
Mcu.Pin12=PC4
RCC.PLLM=8
PB8.Mode=I2C
RCC.PLLN=180
Mcu.Pin10=PA6
SH.GPXTI10.ConfNb=1
PB7.Locked=true
PA2.Mode=Asynchronous
PB8.Signal=I2C1_SCL
RCC.PWRFreq_Value=180000000
PC8.Locked=true
PA8.Mode=I2C
PC9.Signal=I2C3_SDA
SH.GPXTI1.ConfNb=1
RCC.APB1Freq_Value=45000000
PB0.Signal=SPI3_MOSI
ProjectManager.DeviceId=STM32F446RCTx
PC1.Signal=SPI2_MOSI
ProjectManager.LibraryCopy=0
PC1.Mode=TX_Only_Simplex_Unidirect_Master
PA7.Signal=SPI1_MOSI
PA6.Locked=true
