#MicroXplorer Configuration settings - do not modify
Mcu.Family=STM32F4
ProjectManager.MainLocation=Core/Src
PH0-OSC_IN.Locked=true
ProjectManager.ProjectFileName=v3-stm32f446.ioc
PH0-OSC_IN.Signal=RCC_OSC_IN
RCC.CortexFreq_Value=16000000
PA7.Mode=TX_Only_Simplex_Unidirect_Master
ProjectManager.KeepUserCode=true
Mcu.UserName=STM32F446RCTx
Mcu.PinsNb=19
SPI1.VirtualType=VM_MASTER
PB10.Mode=I2C
ProjectManager.NoMain=false
SPI1.IPParameters=VirtualType,Mode,Direction,CalculateBaudRate
RCC.PLLCLKFreq_Value=96000000
PC12.Signal=I2C2_SDA
RCC.PLLQCLKFreq_Value=96000000
RCC.VCOI2SInputFreq_Value=1000000
ProjectManager.functionlistsort=1-MX_GPIO_Init-GPIO-false-HAL-true,2-SystemClock_Config-RCC-false-HAL-false,3-MX_I2C1_Init-I2C1-false-HAL-true,4-MX_I2C2_Init-I2C2-false-HAL-true,5-MX_I2C3_Init-I2C3-false-HAL-true,6-MX_SPI1_Init-SPI1-false-HAL-true,7-MX_TIM3_Init-TIM3-false-HAL-true,8-MX_USART1_UART_Init-USART1-false-HAL-true
PC8.Signal=GPXTI8
ProjectManager.DefaultFWLocation=true
RCC.PLLI2SRCLKFreq_Value=96000000
ProjectManager.DeletePrevious=true
USART1.IPParameters=VirtualMode
RCC.SAIAFreq_Value=96000000
PinOutPanel.RotationAngle=0
RCC.FamilyName=M
ProjectManager.StackSize=0x400
PA13.Signal=SYS_JTMS-SWDIO
Mcu.IP4=RCC
Mcu.IP5=SPI1
Mcu.IP2=I2C3
NVIC.SVCall_IRQn=true\:0\:0\:false\:false\:true\:false\:false
Mcu.IP3=NVIC
Mcu.IP0=I2C1
Mcu.IP1=I2C2
Mcu.UserConstants=
ProjectManager.TargetToolchain=EWARM V8.32
Mcu.ThirdPartyNb=0
RCC.SDIOFreq_Value=96000000
SPI1.Direction=SPI_DIRECTION_2LINES
Mcu.IPNb=9
ProjectManager.PreviousToolchain=
PB9.Mode=I2C
PB6.Signal=USART1_TX
PB9.Locked=true
PB6.Mode=Asynchronous
SPI1.CalculateBaudRate=8.0 MBits/s
Mcu.Pin6=PC8
Mcu.Pin7=PC9
ProjectManager.RegisterCallBack=
Mcu.Pin8=PA8
RCC.USBFreq_Value=96000000
Mcu.Pin9=PA13
RCC.VCOSAIOutputFreq_Value=192000000
VP_TIM3_VS_ClockSourceINT.Signal=TIM3_VS_ClockSourceINT
PH0-OSC_IN.Mode=HSE-External-Oscillator
Mcu.Pin0=PH0-OSC_IN
Mcu.Pin1=PH1-OSC_OUT
TIM3.Channel-PWM\ Generation1\ CH1=TIM_CHANNEL_1
GPIO.groupedBy=
Mcu.Pin2=PA5
PB10.Signal=I2C2_SCL
Mcu.Pin3=PA6
Mcu.Pin4=PA7
RCC.VCOI2SOutputFreq_Value=192000000
Mcu.Pin5=PB10
PA5.Signal=SPI1_SCK
ProjectManager.ProjectBuild=false
NVIC.UsageFault_IRQn=true\:0\:0\:false\:false\:true\:false\:false
PC12.Mode=I2C
NVIC.DebugMonitor_IRQn=true\:0\:0\:false\:false\:true\:false\:false
RCC.PLLSAIPCLKFreq_Value=96000000
board=custom
RCC.VCOOutputFreq_Value=192000000
NVIC.SysTick_IRQn=true\:0\:0\:false\:false\:true\:false\:true
ProjectManager.LastFirmware=true
ProjectManager.FirmwarePackage=STM32Cube FW_F4 V1.25.2
MxDb.Version=DB.6.0.10
ProjectManager.BackupPrevious=false
MxCube.Version=6.1.0
RCC.VCOInputFreq_Value=1000000
RCC.PLLI2SPCLKFreq_Value=96000000
SPI1.Mode=SPI_MODE_MASTER
PA14.Mode=Serial_Wire
File.Version=6
VP_SYS_VS_Systick.Mode=SysTick
PC9.Mode=I2C
PH1-OSC_OUT.Locked=true
TIM3.IPParameters=Channel-PWM Generation1 CH1
PH1-OSC_OUT.Signal=RCC_OSC_OUT
PB3.GPIOParameters=GPIO_Label
PB7.Signal=USART1_RX
PA8.Signal=I2C3_SCL
PB8.Locked=true
NVIC.NonMaskableInt_IRQn=true\:0\:0\:false\:false\:true\:false\:false
RCC.PLLRCLKFreq_Value=96000000
PB6.Locked=true
NVIC.PendSV_IRQn=true\:0\:0\:false\:false\:true\:false\:false
SH.S_TIM3_CH1.0=TIM3_CH1,PWM Generation1 CH1
PA13.Mode=Serial_Wire
ProjectManager.FreePins=false
RCC.IPParameters=CECFreq_Value,CortexFreq_Value,FamilyName,PLLCLKFreq_Value,PLLI2SPCLKFreq_Value,PLLI2SQCLKFreq_Value,PLLI2SRCLKFreq_Value,PLLQCLKFreq_Value,PLLRCLKFreq_Value,PLLSAIPCLKFreq_Value,PLLSAIQCLKFreq_Value,SAIAFreq_Value,SAIBFreq_Value,SDIOFreq_Value,USBFreq_Value,VCOI2SInputFreq_Value,VCOI2SOutputFreq_Value,VCOInputFreq_Value,VCOOutputFreq_Value,VCOSAIInputFreq_Value,VCOSAIOutputFreq_Value
ProjectManager.AskForMigrate=true
Mcu.Name=STM32F446R(C-E)Tx
RCC.PLLI2SQCLKFreq_Value=96000000
ProjectManager.HalAssertFull=false
ProjectManager.ProjectName=v3-stm32f446
ProjectManager.UnderRoot=false
Mcu.IP8=USART1
Mcu.IP6=SYS
RCC.VCOSAIInputFreq_Value=1000000
Mcu.IP7=TIM3
ProjectManager.CoupleFile=false
PH1-OSC_OUT.Mode=HSE-External-Oscillator
PB3.Signal=GPIO_Output
Mcu.Package=LQFP64
PB9.Signal=I2C1_SDA
PA6.Signal=S_TIM3_CH1
NVIC.ForceEnableDMAVector=true
KeepUserPlacement=false
SH.GPXTI8.0=GPIO_EXTI8
NVIC.MemoryManagement_IRQn=true\:0\:0\:false\:false\:true\:false\:false
USART1.VirtualMode=VM_ASYNC
ProjectManager.CompilerOptimize=6
ProjectManager.ToolChainLocation=
VP_SYS_VS_Systick.Signal=SYS_VS_Systick
PB7.Mode=Asynchronous
SH.GPXTI8.ConfNb=1
PA14.Signal=SYS_JTCK-SWCLK
ProjectManager.HeapSize=0x200
Mcu.Pin15=PB8
NVIC.HardFault_IRQn=true\:0\:0\:false\:false\:true\:false\:false
Mcu.Pin16=PB9
Mcu.Pin13=PB6
Mcu.Pin14=PB7
SH.S_TIM3_CH1.ConfNb=1
ProjectManager.ComputerToolchain=false
Mcu.Pin17=VP_SYS_VS_Systick
Mcu.Pin18=VP_TIM3_VS_ClockSourceINT
NVIC.PriorityGroup=NVIC_PRIORITYGROUP_4
Mcu.Pin11=PC12
Mcu.Pin12=PB3
PB8.Mode=I2C
Mcu.Pin10=PA14
RCC.CECFreq_Value=32786.88524590164
PB7.Locked=true
PB8.Signal=I2C1_SCL
NVIC.BusFault_IRQn=true\:0\:0\:false\:false\:true\:false\:false
PC8.Locked=true
PA8.Mode=I2C
PC9.Signal=I2C3_SDA
RCC.SAIBFreq_Value=96000000
ProjectManager.CustomerFirmwarePackage=
VP_TIM3_VS_ClockSourceINT.Mode=Internal
ProjectManager.DeviceId=STM32F446RCTx
ProjectManager.LibraryCopy=0
RCC.PLLSAIQCLKFreq_Value=96000000
PB3.Locked=true
PA5.Mode=TX_Only_Simplex_Unidirect_Master
PA7.Signal=SPI1_MOSI
PA6.Locked=true
PB3.GPIO_Label=MCP_RST
