#MicroXplorer Configuration settings - do not modify
ADC1.Channel-2\#ChannelRegularConversion=ADC_CHANNEL_1
ADC1.IPParameters=Rank-2\#ChannelRegularConversion,master,Channel-2\#ChannelRegularConversion,SamplingTime-2\#ChannelRegularConversion,NbrOfConversionFlag
ADC1.NbrOfConversionFlag=1
ADC1.Rank-2\#ChannelRegularConversion=1
ADC1.SamplingTime-2\#ChannelRegularConversion=ADC_SAMPLETIME_3CYCLES
ADC1.master=1
Dma.Request0=SPI1_TX
Dma.Request1=SPI2_TX
Dma.Request2=SPI3_TX
Dma.Request3=USART1_TX
Dma.RequestsNb=4
Dma.SPI1_TX.0.Direction=DMA_MEMORY_TO_PERIPH
Dma.SPI1_TX.0.FIFOMode=DMA_FIFOMODE_DISABLE
Dma.SPI1_TX.0.Instance=DMA2_Stream3
Dma.SPI1_TX.0.MemDataAlignment=DMA_MDATAALIGN_BYTE
Dma.SPI1_TX.0.MemInc=DMA_MINC_ENABLE
Dma.SPI1_TX.0.Mode=DMA_NORMAL
Dma.SPI1_TX.0.PeriphDataAlignment=DMA_PDATAALIGN_BYTE
Dma.SPI1_TX.0.PeriphInc=DMA_PINC_DISABLE
Dma.SPI1_TX.0.Priority=DMA_PRIORITY_LOW
Dma.SPI1_TX.0.RequestParameters=Instance,Direction,PeriphInc,MemInc,PeriphDataAlignment,MemDataAlignment,Mode,Priority,FIFOMode
Dma.SPI2_TX.1.Direction=DMA_MEMORY_TO_PERIPH
Dma.SPI2_TX.1.FIFOMode=DMA_FIFOMODE_DISABLE
Dma.SPI2_TX.1.Instance=DMA1_Stream4
Dma.SPI2_TX.1.MemDataAlignment=DMA_MDATAALIGN_BYTE
Dma.SPI2_TX.1.MemInc=DMA_MINC_ENABLE
Dma.SPI2_TX.1.Mode=DMA_NORMAL
Dma.SPI2_TX.1.PeriphDataAlignment=DMA_PDATAALIGN_BYTE
Dma.SPI2_TX.1.PeriphInc=DMA_PINC_DISABLE
Dma.SPI2_TX.1.Priority=DMA_PRIORITY_LOW
Dma.SPI2_TX.1.RequestParameters=Instance,Direction,PeriphInc,MemInc,PeriphDataAlignment,MemDataAlignment,Mode,Priority,FIFOMode
Dma.SPI3_TX.2.Direction=DMA_MEMORY_TO_PERIPH
Dma.SPI3_TX.2.FIFOMode=DMA_FIFOMODE_DISABLE
Dma.SPI3_TX.2.Instance=DMA1_Stream5
Dma.SPI3_TX.2.MemDataAlignment=DMA_MDATAALIGN_BYTE
Dma.SPI3_TX.2.MemInc=DMA_MINC_ENABLE
Dma.SPI3_TX.2.Mode=DMA_CIRCULAR
Dma.SPI3_TX.2.PeriphDataAlignment=DMA_PDATAALIGN_BYTE
Dma.SPI3_TX.2.PeriphInc=DMA_PINC_DISABLE
Dma.SPI3_TX.2.Priority=DMA_PRIORITY_LOW
Dma.SPI3_TX.2.RequestParameters=Instance,Direction,PeriphInc,MemInc,PeriphDataAlignment,MemDataAlignment,Mode,Priority,FIFOMode
Dma.USART1_TX.3.Direction=DMA_MEMORY_TO_PERIPH
Dma.USART1_TX.3.FIFOMode=DMA_FIFOMODE_DISABLE
Dma.USART1_TX.3.Instance=DMA2_Stream7
Dma.USART1_TX.3.MemDataAlignment=DMA_MDATAALIGN_BYTE
Dma.USART1_TX.3.MemInc=DMA_MINC_ENABLE
Dma.USART1_TX.3.Mode=DMA_NORMAL
Dma.USART1_TX.3.PeriphDataAlignment=DMA_PDATAALIGN_BYTE
Dma.USART1_TX.3.PeriphInc=DMA_PINC_DISABLE
Dma.USART1_TX.3.Priority=DMA_PRIORITY_LOW
Dma.USART1_TX.3.RequestParameters=Instance,Direction,PeriphInc,MemInc,PeriphDataAlignment,MemDataAlignment,Mode,Priority,FIFOMode
File.Version=6
GPIO.groupedBy=Group By Peripherals
I2C1.I2C_Mode=I2C_Standard
I2C1.IPParameters=I2C_Mode
KeepUserPlacement=false
Mcu.CPN=STM32F446RCT6
Mcu.Family=STM32F4
Mcu.IP0=ADC1
Mcu.IP1=DMA
Mcu.IP10=SYS
Mcu.IP11=TIM3
Mcu.IP12=UART4
Mcu.IP13=USART1
Mcu.IP2=I2C1
Mcu.IP3=I2C2
Mcu.IP4=I2C3
Mcu.IP5=NVIC
Mcu.IP6=RCC
Mcu.IP7=SPI1
Mcu.IP8=SPI2
Mcu.IP9=SPI3
Mcu.IPNb=14
Mcu.Name=STM32F446R(C-E)Tx
Mcu.Package=LQFP64
Mcu.Pin0=PC13
Mcu.Pin1=PH0-OSC_IN
Mcu.Pin10=PA4
Mcu.Pin11=PA5
Mcu.Pin12=PA6
Mcu.Pin13=PA7
Mcu.Pin14=PC4
Mcu.Pin15=PC5
Mcu.Pin16=PB0
Mcu.Pin17=PB1
Mcu.Pin18=PB10
Mcu.Pin19=PB13
Mcu.Pin2=PC0
Mcu.Pin20=PB14
Mcu.Pin21=PB15
Mcu.Pin22=PC6
Mcu.Pin23=PC7
Mcu.Pin24=PC8
Mcu.Pin25=PC9
Mcu.Pin26=PA8
Mcu.Pin27=PA9
Mcu.Pin28=PA10
Mcu.Pin29=PA11
Mcu.Pin3=PC1
Mcu.Pin30=PA12
Mcu.Pin31=PA13
Mcu.Pin32=PA14
Mcu.Pin33=PC10
Mcu.Pin34=PC11
Mcu.Pin35=PC12
Mcu.Pin36=PB3
Mcu.Pin37=PB6
Mcu.Pin38=PB7
Mcu.Pin39=PB8
Mcu.Pin4=PC2
Mcu.Pin40=PB9
Mcu.Pin41=VP_SYS_VS_Systick
Mcu.Pin42=VP_TIM3_VS_ClockSourceINT
Mcu.Pin5=PC3
Mcu.Pin6=PA0-WKUP
Mcu.Pin7=PA1
Mcu.Pin8=PA2
Mcu.Pin9=PA3
Mcu.PinsNb=43
Mcu.ThirdPartyNb=0
Mcu.UserConstants=
Mcu.UserName=STM32F446RCTx
MxCube.Version=6.5.0
MxDb.Version=DB.6.0.50
NVIC.BusFault_IRQn=true\:0\:0\:false\:false\:true\:false\:false\:true
NVIC.DMA1_Stream4_IRQn=true\:0\:0\:false\:false\:true\:false\:true\:true
NVIC.DMA1_Stream5_IRQn=true\:0\:0\:false\:false\:true\:false\:true\:true
NVIC.DMA2_Stream3_IRQn=true\:0\:0\:false\:false\:true\:false\:true\:true
NVIC.DMA2_Stream7_IRQn=true\:0\:0\:false\:false\:true\:false\:true\:true
NVIC.DebugMonitor_IRQn=true\:0\:0\:false\:false\:true\:false\:false\:true
NVIC.EXTI0_IRQn=true\:0\:0\:false\:false\:true\:true\:true\:true
NVIC.EXTI15_10_IRQn=true\:0\:0\:false\:false\:true\:true\:true\:true
NVIC.EXTI1_IRQn=true\:0\:0\:false\:false\:true\:true\:true\:true
NVIC.EXTI2_IRQn=true\:0\:0\:false\:false\:true\:true\:true\:true
NVIC.EXTI3_IRQn=true\:0\:0\:false\:false\:true\:true\:true\:true
NVIC.EXTI4_IRQn=true\:0\:0\:false\:false\:true\:true\:true\:true
NVIC.EXTI9_5_IRQn=true\:0\:0\:false\:false\:true\:true\:true\:true
NVIC.ForceEnableDMAVector=true
NVIC.HardFault_IRQn=true\:0\:0\:false\:false\:true\:false\:false\:true
NVIC.MemoryManagement_IRQn=true\:0\:0\:false\:false\:true\:false\:false\:true
NVIC.NonMaskableInt_IRQn=true\:0\:0\:false\:false\:true\:false\:false\:true
NVIC.PendSV_IRQn=true\:0\:0\:false\:false\:true\:false\:false\:true
NVIC.PriorityGroup=NVIC_PRIORITYGROUP_4
NVIC.SVCall_IRQn=true\:0\:0\:false\:false\:true\:false\:false\:true
NVIC.SysTick_IRQn=true\:0\:0\:false\:false\:true\:false\:true\:true
NVIC.TIM3_IRQn=true\:0\:0\:false\:false\:true\:true\:true\:true
NVIC.UART4_IRQn=true\:0\:0\:false\:false\:true\:true\:true\:true
NVIC.USART1_IRQn=true\:0\:0\:false\:false\:true\:true\:true\:true
NVIC.UsageFault_IRQn=true\:0\:0\:false\:false\:true\:false\:false\:true
PA0-WKUP.Mode=Asynchronous
PA0-WKUP.Signal=UART4_TX
PA1.Signal=ADCx_IN1
PA10.GPIOParameters=GPIO_PuPd,GPIO_Label,GPIO_ModeDefaultEXTI
PA10.GPIO_Label=MCP_001_INTB
PA10.GPIO_ModeDefaultEXTI=GPIO_MODE_IT_FALLING
PA10.GPIO_PuPd=GPIO_PULLUP
PA10.Locked=true
PA10.Signal=GPXTI10
PA11.GPIOParameters=GPIO_PuPd,GPIO_Label,GPIO_ModeDefaultEXTI
PA11.GPIO_Label=MCP_000_INTB
PA11.GPIO_ModeDefaultEXTI=GPIO_MODE_IT_FALLING
PA11.GPIO_PuPd=GPIO_PULLUP
PA11.Locked=true
PA11.Signal=GPXTI11
PA12.GPIOParameters=GPIO_PuPd,GPIO_Label,GPIO_ModeDefaultEXTI
PA12.GPIO_Label=MCP_000_INTA
PA12.GPIO_ModeDefaultEXTI=GPIO_MODE_IT_FALLING
PA12.GPIO_PuPd=GPIO_PULLUP
PA12.Locked=true
PA12.Signal=GPXTI12
PA13.Mode=Serial_Wire
PA13.Signal=SYS_JTMS-SWDIO
PA14.Mode=Serial_Wire
PA14.Signal=SYS_JTCK-SWCLK
PA2.GPIOParameters=GPIO_Label
PA2.GPIO_Label=U2_TX
PA2.Locked=true
PA2.Signal=GPIO_Output
PA3.GPIOParameters=GPIO_Label
PA3.GPIO_Label=U2_RX
PA3.Locked=true
PA3.Signal=GPIO_Output
PA4.Signal=ADCx_IN4
PA5.Mode=TX_Only_Simplex_Unidirect_Master
PA5.Signal=SPI1_SCK
PA6.Locked=true
PA6.Signal=S_TIM3_CH1
PA7.Locked=true
PA7.Mode=TX_Only_Simplex_Unidirect_Master
PA7.Signal=SPI1_MOSI
PA8.GPIOParameters=GPIO_Pu
PA8.GPIO_Pu=GPIO_PULLUP
PA8.Mode=I2C
PA8.Signal=I2C3_SCL
PA9.GPIOParameters=GPIO_PuPd,GPIO_Label,GPIO_ModeDefaultEXTI
PA9.GPIO_Label=MCP_001_INTA
PA9.GPIO_ModeDefaultEXTI=GPIO_MODE_IT_FALLING
PA9.GPIO_PuPd=GPIO_PULLUP
PA9.Locked=true
PA9.Signal=GPXTI9
PB0.Mode=TX_Only_Simplex_Unidirect_Master
PB0.Signal=SPI3_MOSI
PB1.GPIOParameters=GPIO_PuPd,GPIO_Label,GPIO_ModeDefaultEXTI
PB1.GPIO_Label=MCP_011_INTB
PB1.GPIO_ModeDefaultEXTI=GPIO_MODE_IT_FALLING
PB1.GPIO_PuPd=GPIO_PULLUP
PB1.Locked=true
PB1.Signal=GPXTI1
PB10.GPIOParameters=GPIO_Pu
PB10.GPIO_Pu=GPIO_PULLUP
PB10.Mode=I2C
PB10.Signal=I2C2_SCL
PB13.Mode=TX_Only_Simplex_Unidirect_Master
PB13.Signal=SPI2_SCK
PB14.GPIOParameters=GPIO_PuPd,GPIO_Label,GPIO_ModeDefaultEXTI
PB14.GPIO_Label=MCP_011_INTA
PB14.GPIO_ModeDefaultEXTI=GPIO_MODE_IT_FALLING
PB14.GPIO_PuPd=GPIO_PULLUP
PB14.Locked=true
PB14.Signal=GPXTI14
PB15.GPIOParameters=GPIO_PuPd,GPIO_Label,GPIO_ModeDefaultEXTI
PB15.GPIO_Label=MCP_100_INTA
PB15.GPIO_ModeDefaultEXTI=GPIO_MODE_IT_FALLING
PB15.GPIO_PuPd=GPIO_PULLUP
PB15.Locked=true
PB15.Signal=GPXTI15
PB3.GPIOParameters=GPIO_Label
PB3.GPIO_Label=MCP_RST
PB3.Locked=true
PB3.Signal=GPIO_Output
PB6.Locked=true
PB6.Mode=Asynchronous
PB6.Signal=USART1_TX
PB7.Locked=true
PB7.Mode=Asynchronous
PB7.Signal=USART1_RX
PB8.GPIOParameters=GPIO_Pu
PB8.GPIO_Pu=GPIO_PULLUP
PB8.Locked=true
PB8.Mode=I2C
PB8.Signal=I2C1_SCL
PB9.GPIOParameters=GPIO_Pu
PB9.GPIO_Pu=GPIO_PULLUP
PB9.Locked=true
PB9.Mode=I2C
PB9.Signal=I2C1_SDA
PC0.Signal=ADCx_IN10
PC1.Mode=TX_Only_Simplex_Unidirect_Master
PC1.Signal=SPI2_MOSI
PC10.Mode=TX_Only_Simplex_Unidirect_Master
PC10.Signal=SPI3_SCK
PC11.Mode=Asynchronous
PC11.Signal=UART4_RX
PC12.GPIOParameters=GPIO_Pu
PC12.GPIO_Pu=GPIO_PULLUP
PC12.Mode=I2C
PC12.Signal=I2C2_SDA
PC13.GPIOParameters=GPIO_PuPd,GPIO_Label,GPIO_ModeDefaultEXTI
PC13.GPIO_Label=MCP_101_INTA
PC13.GPIO_ModeDefaultEXTI=GPIO_MODE_IT_FALLING
PC13.GPIO_PuPd=GPIO_PULLUP
PC13.Locked=true
PC13.Signal=GPXTI13
PC2.GPIOParameters=GPIO_PuPd,GPIO_Label,GPIO_ModeDefaultEXTI
PC2.GPIO_Label=MCP_110_INTB
PC2.GPIO_ModeDefaultEXTI=GPIO_MODE_IT_FALLING
PC2.GPIO_PuPd=GPIO_PULLUP
PC2.Locked=true
PC2.Signal=GPXTI2
PC3.GPIOParameters=GPIO_PuPd,GPIO_Label,GPIO_ModeDefaultEXTI
PC3.GPIO_Label=MCP_110_INTA
PC3.GPIO_ModeDefaultEXTI=GPIO_MODE_IT_FALLING
PC3.GPIO_PuPd=GPIO_PULLUP
PC3.Locked=true
PC3.Signal=GPXTI3
PC4.GPIOParameters=GPIO_PuPd,GPIO_Label,GPIO_ModeDefaultEXTI
PC4.GPIO_Label=MCP_111_INTA
PC4.GPIO_ModeDefaultEXTI=GPIO_MODE_IT_FALLING
PC4.GPIO_PuPd=GPIO_PULLUP
PC4.Locked=true
PC4.Signal=GPXTI4
PC5.GPIOParameters=GPIO_PuPd,GPIO_Label,GPIO_ModeDefaultEXTI
PC5.GPIO_Label=MCP_111_INTB
PC5.GPIO_ModeDefaultEXTI=GPIO_MODE_IT_FALLING
PC5.GPIO_PuPd=GPIO_PULLUP
PC5.Locked=true
PC5.Signal=GPXTI5
PC6.GPIOParameters=GPIO_PuPd,GPIO_Label,GPIO_ModeDefaultEXTI
PC6.GPIO_Label=MCP_100_INTB
PC6.GPIO_ModeDefaultEXTI=GPIO_MODE_IT_FALLING
PC6.GPIO_PuPd=GPIO_PULLUP
PC6.Locked=true
PC6.Signal=GPXTI6
PC7.GPIOParameters=GPIO_PuPd,GPIO_Label,GPIO_ModeDefaultEXTI
PC7.GPIO_Label=MCP_010_INTA
PC7.GPIO_ModeDefaultEXTI=GPIO_MODE_IT_FALLING
PC7.GPIO_PuPd=GPIO_PULLUP
PC7.Locked=true
PC7.Signal=GPXTI7
PC8.GPIOParameters=GPIO_PuPd,GPIO_Label,GPIO_ModeDefaultEXTI
PC8.GPIO_Label=MCP_010_INTB
PC8.GPIO_ModeDefaultEXTI=GPIO_MODE_IT_FALLING
PC8.GPIO_PuPd=GPIO_PULLUP
PC8.Locked=true
PC8.Signal=GPXTI8
PC9.GPIOParameters=GPIO_Pu
PC9.GPIO_Pu=GPIO_PULLUP
PC9.Mode=I2C
PC9.Signal=I2C3_SDA
PH0-OSC_IN.GPIOParameters=GPIO_PuPd,GPIO_Label,GPIO_ModeDefaultEXTI
PH0-OSC_IN.GPIO_Label=MCP_101_INTB
PH0-OSC_IN.GPIO_ModeDefaultEXTI=GPIO_MODE_IT_FALLING
PH0-OSC_IN.GPIO_PuPd=GPIO_PULLUP
PH0-OSC_IN.Locked=true
PH0-OSC_IN.Signal=GPXTI0
PinOutPanel.RotationAngle=0
ProjectManager.AskForMigrate=true
ProjectManager.BackupPrevious=false
ProjectManager.CompilerOptimize=6
ProjectManager.ComputerToolchain=false
ProjectManager.CoupleFile=false
ProjectManager.CustomerFirmwarePackage=
ProjectManager.DefaultFWLocation=true
ProjectManager.DeletePrevious=true
ProjectManager.DeviceId=STM32F446RCTx
ProjectManager.FirmwarePackage=STM32Cube FW_F4 V1.27.0
ProjectManager.FreePins=false
ProjectManager.HalAssertFull=false
ProjectManager.HeapSize=0x200
ProjectManager.KeepUserCode=true
ProjectManager.LastFirmware=true
ProjectManager.LibraryCopy=1
ProjectManager.MainLocation=Core/Src
ProjectManager.NoMain=false
ProjectManager.PreviousToolchain=STM32CubeIDE
ProjectManager.ProjectBuild=false
ProjectManager.ProjectFileName=themis-front-v3-stm32f446.ioc
ProjectManager.ProjectName=themis-front-v3-stm32f446
ProjectManager.RegisterCallBack=
ProjectManager.StackSize=0x400
ProjectManager.TargetToolchain=STM32CubeIDE
ProjectManager.ToolChainLocation=
ProjectManager.UnderRoot=true
ProjectManager.functionlistsort=1-MX_GPIO_Init-GPIO-false-HAL-true,2-SystemClock_Config-RCC-false-HAL-false,3-MX_I2C1_Init-I2C1-false-HAL-true,4-MX_I2C2_Init-I2C2-false-HAL-true,5-MX_I2C3_Init-I2C3-false-HAL-true,6-MX_SPI1_Init-SPI1-false-HAL-true,7-MX_TIM3_Init-TIM3-false-HAL-true,8-MX_USART1_UART_Init-USART1-false-HAL-true,9-MX_ADC1_Init-ADC1-false-HAL-true,10-MX_SPI2_Init-SPI2-false-HAL-true,11-MX_SPI3_Init-SPI3-false-HAL-true,12-MX_UART4_Init-UART4-false-HAL-true,13-MX_DMA_Init-DMA-false-HAL-true
RCC.AHBFreq_Value=180000000
RCC.APB1CLKDivider=RCC_HCLK_DIV4
RCC.APB1Freq_Value=45000000
RCC.APB1TimFreq_Value=90000000
RCC.APB2CLKDivider=RCC_HCLK_DIV2
RCC.APB2Freq_Value=90000000
RCC.APB2TimFreq_Value=180000000
RCC.CECFreq_Value=32786.88524590164
RCC.CortexFreq_Value=180000000
RCC.FCLKCortexFreq_Value=180000000
RCC.FMPI2C1Freq_Value=45000000
RCC.FamilyName=M
RCC.HCLKFreq_Value=180000000
RCC.IPParameters=AHBFreq_Value,APB1CLKDivider,APB1Freq_Value,APB1TimFreq_Value,APB2CLKDivider,APB2Freq_Value,APB2TimFreq_Value,CECFreq_Value,CortexFreq_Value,FCLKCortexFreq_Value,FMPI2C1Freq_Value,FamilyName,HCLKFreq_Value,MCO2PinFreq_Value,PLLCLKFreq_Value,PLLI2SPCLKFreq_Value,PLLI2SQCLKFreq_Value,PLLI2SRCLKFreq_Value,PLLM,PLLN,PLLQCLKFreq_Value,PLLRCLKFreq_Value,PLLSAIPCLKFreq_Value,PLLSAIQCLKFreq_Value,PWRFreq_Value,SAIAFreq_Value,SAIBFreq_Value,SDIOFreq_Value,SPDIFRXFreq_Value,SYSCLKFreq_VALUE,SYSCLKSource,USBFreq_Value,VCOI2SInputFreq_Value,VCOI2SOutputFreq_Value,VCOInputFreq_Value,VCOOutputFreq_Value,VCOSAIInputFreq_Value,VCOSAIOutputFreq_Value
RCC.MCO2PinFreq_Value=180000000
RCC.PLLCLKFreq_Value=180000000
RCC.PLLI2SPCLKFreq_Value=96000000
RCC.PLLI2SQCLKFreq_Value=96000000
RCC.PLLI2SRCLKFreq_Value=96000000
RCC.PLLM=8
RCC.PLLN=180
RCC.PLLQCLKFreq_Value=180000000
RCC.PLLRCLKFreq_Value=180000000
RCC.PLLSAIPCLKFreq_Value=96000000
RCC.PLLSAIQCLKFreq_Value=96000000
RCC.PWRFreq_Value=180000000
RCC.SAIAFreq_Value=96000000
RCC.SAIBFreq_Value=96000000
RCC.SDIOFreq_Value=180000000
RCC.SPDIFRXFreq_Value=180000000
RCC.SYSCLKFreq_VALUE=180000000
RCC.SYSCLKSource=RCC_SYSCLKSOURCE_PLLCLK
RCC.USBFreq_Value=180000000
RCC.VCOI2SInputFreq_Value=1000000
RCC.VCOI2SOutputFreq_Value=192000000
RCC.VCOInputFreq_Value=2000000
RCC.VCOOutputFreq_Value=360000000
RCC.VCOSAIInputFreq_Value=1000000
RCC.VCOSAIOutputFreq_Value=192000000
SH.ADCx_IN1.0=ADC1_IN1,IN1
SH.ADCx_IN1.ConfNb=1
SH.ADCx_IN10.0=ADC1_IN10,IN10
SH.ADCx_IN10.ConfNb=1
SH.ADCx_IN4.0=ADC1_IN4,IN4
SH.ADCx_IN4.ConfNb=1
SH.GPXTI0.0=GPIO_EXTI0
SH.GPXTI0.ConfNb=1
SH.GPXTI1.0=GPIO_EXTI1
SH.GPXTI1.ConfNb=1
SH.GPXTI10.0=GPIO_EXTI10
SH.GPXTI10.ConfNb=1
SH.GPXTI11.0=GPIO_EXTI11
SH.GPXTI11.ConfNb=1
SH.GPXTI12.0=GPIO_EXTI12
SH.GPXTI12.ConfNb=1
SH.GPXTI13.0=GPIO_EXTI13
SH.GPXTI13.ConfNb=1
SH.GPXTI14.0=GPIO_EXTI14
SH.GPXTI14.ConfNb=1
SH.GPXTI15.0=GPIO_EXTI15
SH.GPXTI15.ConfNb=1
SH.GPXTI2.0=GPIO_EXTI2
SH.GPXTI2.ConfNb=1
SH.GPXTI3.0=GPIO_EXTI3
SH.GPXTI3.ConfNb=1
SH.GPXTI4.0=GPIO_EXTI4
SH.GPXTI4.ConfNb=1
SH.GPXTI5.0=GPIO_EXTI5
SH.GPXTI5.ConfNb=1
SH.GPXTI6.0=GPIO_EXTI6
SH.GPXTI6.ConfNb=1
SH.GPXTI7.0=GPIO_EXTI7
SH.GPXTI7.ConfNb=1
SH.GPXTI8.0=GPIO_EXTI8
SH.GPXTI8.ConfNb=1
SH.GPXTI9.0=GPIO_EXTI9
SH.GPXTI9.ConfNb=1
SH.S_TIM3_CH1.0=TIM3_CH1,PWM Generation1 CH1
SH.S_TIM3_CH1.ConfNb=1
SPI1.BaudRatePrescaler=SPI_BAUDRATEPRESCALER_64
SPI1.CalculateBaudRate=1.40625 MBits/s
SPI1.Direction=SPI_DIRECTION_2LINES
SPI1.IPParameters=VirtualType,Mode,Direction,CalculateBaudRate,BaudRatePrescaler
SPI1.Mode=SPI_MODE_MASTER
SPI1.VirtualType=VM_MASTER
SPI2.BaudRatePrescaler=SPI_BAUDRATEPRESCALER_32
SPI2.CalculateBaudRate=1.40625 MBits/s
SPI2.Direction=SPI_DIRECTION_2LINES
SPI2.IPParameters=VirtualType,Mode,Direction,CalculateBaudRate,BaudRatePrescaler
SPI2.Mode=SPI_MODE_MASTER
SPI2.VirtualType=VM_MASTER
SPI3.BaudRatePrescaler=SPI_BAUDRATEPRESCALER_32
SPI3.CalculateBaudRate=1.40625 MBits/s
SPI3.Direction=SPI_DIRECTION_2LINES
SPI3.IPParameters=VirtualType,Mode,Direction,CalculateBaudRate,BaudRatePrescaler
SPI3.Mode=SPI_MODE_MASTER
SPI3.VirtualType=VM_MASTER
TIM3.Channel-PWM\ Generation1\ CH1=TIM_CHANNEL_1
TIM3.IPParameters=Channel-PWM Generation1 CH1,Prescaler,Period
TIM3.Period=255
TIM3.Prescaler=2343
UART4.IPParameters=VirtualMode
UART4.VirtualMode=Asynchronous
USART1.IPParameters=VirtualMode
USART1.VirtualMode=VM_ASYNC
VP_SYS_VS_Systick.Mode=SysTick
VP_SYS_VS_Systick.Signal=SYS_VS_Systick
VP_TIM3_VS_ClockSourceINT.Mode=Internal
VP_TIM3_VS_ClockSourceINT.Signal=TIM3_VS_ClockSourceINT
board=custom
isbadioc=false
